
Microsoft Visual Studio Solution File, Format Version 12.00
# Visual Studio Version 16
VisualStudioVersion = 16.0.29025.244
MinimumVisualStudioVersion = 10.0.40219.1
Project("{9A19103F-16F7-4668-BE54-9A1E7A4F7556}") = "HBMarsRoverTest", "HBMarsRoverTest\HBMarsRoverTest.csproj", "{6F1280D2-0D2C-4BDC-A5F8-745D9EEA49CD}"
EndProject
Project("{FAE04EC0-301F-11D3-BF4B-00C04F79EFBC}") = "HBMarsRover", "HBMarsRover\HBMarsRover.csproj", "{693F1741-035B-4BC2-8C9D-90216416CEDC}"
EndProject
Global
	GlobalSection(SolutionConfigurationPlatforms) = preSolution
		Debug|Any CPU = Debug|Any CPU
		Release|Any CPU = Release|Any CPU
	EndGlobalSection
	GlobalSection(ProjectConfigurationPlatforms) = postSolution
		{6F1280D2-0D2C-4BDC-A5F8-745D9EEA49CD}.Debug|Any CPU.ActiveCfg = Debug|Any CPU
		{6F1280D2-0D2C-4BDC-A5F8-745D9EEA49CD}.Debug|Any CPU.Build.0 = Debug|Any CPU
		{6F1280D2-0D2C-4BDC-A5F8-745D9EEA49CD}.Release|Any CPU.ActiveCfg = Release|Any CPU
		{6F1280D2-0D2C-4BDC-A5F8-745D9EEA49CD}.Release|Any CPU.Build.0 = Release|Any CPU
		{693F1741-035B-4BC2-8C9D-90216416CEDC}.Debug|Any CPU.ActiveCfg = Debug|Any CPU
		{693F1741-035B-4BC2-8C9D-90216416CEDC}.Debug|Any CPU.Build.0 = Debug|Any CPU
		{693F1741-035B-4BC2-8C9D-90216416CEDC}.Release|Any CPU.ActiveCfg = Release|Any CPU
		{693F1741-035B-4BC2-8C9D-90216416CEDC}.Release|Any CPU.Build.0 = Release|Any CPU
	EndGlobalSection
	GlobalSection(SolutionProperties) = preSolution
		HideSolutionNode = FALSE
	EndGlobalSection
	GlobalSection(ExtensibilityGlobals) = postSolution
		SolutionGuid = {7A9941E2-E240-450F-AE85-D7070C351600}
	EndGlobalSection
EndGlobal
